
Microsoft Visual Studio Solution File, Format Version 12.00
# Visual Studio Version 16
VisualStudioVersion = 16.0.33130.400
MinimumVisualStudioVersion = 10.0.40219.1
Project("{8BC9CEB8-8B4A-11D0-8D11-00A0C91BC942}") = "c tutorial-00", "c tutorial-00\c tutorial-00.vcxproj", "{49C3CE8C-AF6B-4881-806B-5ED66FB3BB54}"
EndProject
Global
	GlobalSection(SolutionConfigurationPlatforms) = preSolution
		Debug|x64 = Debug|x64
		Debug|x86 = Debug|x86
		Release|x64 = Release|x64
		Release|x86 = Release|x86
	EndGlobalSection
	GlobalSection(ProjectConfigurationPlatforms) = postSolution
		{49C3CE8C-AF6B-4881-806B-5ED66FB3BB54}.Debug|x64.ActiveCfg = Debug|x64
		{49C3CE8C-AF6B-4881-806B-5ED66FB3BB54}.Debug|x64.Build.0 = Debug|x64
		{49C3CE8C-AF6B-4881-806B-5ED66FB3BB54}.Debug|x86.ActiveCfg = Debug|Win32
		{49C3CE8C-AF6B-4881-806B-5ED66FB3BB54}.Debug|x86.Build.0 = Debug|Win32
		{49C3CE8C-AF6B-4881-806B-5ED66FB3BB54}.Release|x64.ActiveCfg = Release|x64
		{49C3CE8C-AF6B-4881-806B-5ED66FB3BB54}.Release|x64.Build.0 = Release|x64
		{49C3CE8C-AF6B-4881-806B-5ED66FB3BB54}.Release|x86.ActiveCfg = Release|Win32
		{49C3CE8C-AF6B-4881-806B-5ED66FB3BB54}.Release|x86.Build.0 = Release|Win32
	EndGlobalSection
	GlobalSection(SolutionProperties) = preSolution
		HideSolutionNode = FALSE
	EndGlobalSection
	GlobalSection(ExtensibilityGlobals) = postSolution
		SolutionGuid = {6EEBCBC5-A3B0-40EE-BFBD-451B752F9B46}
	EndGlobalSection
EndGlobal
